
Microsoft Visual Studio Solution File, Format Version 12.00
# Visual Studio Version 17
VisualStudioVersion = 17.4.33213.308
MinimumVisualStudioVersion = 10.0.40219.1
Project("{FAE04EC0-301F-11D3-BF4B-00C04F79EFBC}") = "Session-10", "Session-10\Session-10.csproj", "{46FFC2F6-1695-48DA-B62B-BCBE30AF953B}"
EndProject
Global
	GlobalSection(SolutionConfigurationPlatforms) = preSolution
		Debug|Any CPU = Debug|Any CPU
		Release|Any CPU = Release|Any CPU
	EndGlobalSection
	GlobalSection(ProjectConfigurationPlatforms) = postSolution
		{46FFC2F6-1695-48DA-B62B-BCBE30AF953B}.Debug|Any CPU.ActiveCfg = Debug|Any CPU
		{46FFC2F6-1695-48DA-B62B-BCBE30AF953B}.Debug|Any CPU.Build.0 = Debug|Any CPU
		{46FFC2F6-1695-48DA-B62B-BCBE30AF953B}.Release|Any CPU.ActiveCfg = Release|Any CPU
		{46FFC2F6-1695-48DA-B62B-BCBE30AF953B}.Release|Any CPU.Build.0 = Release|Any CPU
	EndGlobalSection
	GlobalSection(SolutionProperties) = preSolution
		HideSolutionNode = FALSE
	EndGlobalSection
	GlobalSection(ExtensibilityGlobals) = postSolution
		SolutionGuid = {983F4BD2-992E-49C6-A91E-3C4028A1B1D5}
	EndGlobalSection
EndGlobal
