
Microsoft Visual Studio Solution File, Format Version 12.00
# Visual Studio Version 17
VisualStudioVersion = 17.4.33213.308
MinimumVisualStudioVersion = 10.0.40219.1
Project("{9A19103F-16F7-4668-BE54-9A1E7A4F7556}") = "Session-11", "Session-11\Session-11.csproj", "{DCF7D88F-8A3D-499C-82AD-821432CBB069}"
EndProject
Project("{FAE04EC0-301F-11D3-BF4B-00C04F79EFBC}") = "Library", "Library\Library.csproj", "{39C5E27F-9A69-4FFC-9E28-F1D0BA70B874}"
EndProject
Global
	GlobalSection(SolutionConfigurationPlatforms) = preSolution
		Debug|Any CPU = Debug|Any CPU
		Release|Any CPU = Release|Any CPU
	EndGlobalSection
	GlobalSection(ProjectConfigurationPlatforms) = postSolution
		{DCF7D88F-8A3D-499C-82AD-821432CBB069}.Debug|Any CPU.ActiveCfg = Debug|Any CPU
		{DCF7D88F-8A3D-499C-82AD-821432CBB069}.Debug|Any CPU.Build.0 = Debug|Any CPU
		{DCF7D88F-8A3D-499C-82AD-821432CBB069}.Release|Any CPU.ActiveCfg = Release|Any CPU
		{DCF7D88F-8A3D-499C-82AD-821432CBB069}.Release|Any CPU.Build.0 = Release|Any CPU
		{39C5E27F-9A69-4FFC-9E28-F1D0BA70B874}.Debug|Any CPU.ActiveCfg = Debug|Any CPU
		{39C5E27F-9A69-4FFC-9E28-F1D0BA70B874}.Debug|Any CPU.Build.0 = Debug|Any CPU
		{39C5E27F-9A69-4FFC-9E28-F1D0BA70B874}.Release|Any CPU.ActiveCfg = Release|Any CPU
		{39C5E27F-9A69-4FFC-9E28-F1D0BA70B874}.Release|Any CPU.Build.0 = Release|Any CPU
	EndGlobalSection
	GlobalSection(SolutionProperties) = preSolution
		HideSolutionNode = FALSE
	EndGlobalSection
	GlobalSection(ExtensibilityGlobals) = postSolution
		SolutionGuid = {EC130EDC-C900-42C6-A0B9-3A6F467ED98C}
	EndGlobalSection
EndGlobal
