
Microsoft Visual Studio Solution File, Format Version 12.00
# Visual Studio Version 17
VisualStudioVersion = 17.4.33403.182
MinimumVisualStudioVersion = 10.0.40219.1
Project("{9A19103F-16F7-4668-BE54-9A1E7A4F7556}") = "FuelStation.Model", "FuelStation.Model\FuelStation.Model.csproj", "{E505B57E-E25F-43E9-8525-91D31973F04E}"
EndProject
Project("{9A19103F-16F7-4668-BE54-9A1E7A4F7556}") = "FuelStation.EF", "FuelStation.EF\FuelStation.EF.csproj", "{BDB91A3B-20CC-4F7D-B287-44A0B542C7FE}"
EndProject
Project("{9A19103F-16F7-4668-BE54-9A1E7A4F7556}") = "FuelStation.Web.Blazor.Server", "FuelStation.Web.Blazor\Server\FuelStation.Web.Blazor.Server.csproj", "{8822C6F3-5F1D-457F-860C-6088CDBEFE38}"
EndProject
Project("{9A19103F-16F7-4668-BE54-9A1E7A4F7556}") = "FuelStation.Web.Blazor.Client", "FuelStation.Web.Blazor\Client\FuelStation.Web.Blazor.Client.csproj", "{AA5CBD1F-DE8E-4078-8E55-9F0B23FA50AB}"
EndProject
Project("{9A19103F-16F7-4668-BE54-9A1E7A4F7556}") = "FuelStation.Web.Blazor.Shared", "FuelStation.Web.Blazor\Shared\FuelStation.Web.Blazor.Shared.csproj", "{ED50058F-61A5-419A-94D8-BDEE7A4BA722}"
EndProject
Global
	GlobalSection(SolutionConfigurationPlatforms) = preSolution
		Debug|Any CPU = Debug|Any CPU
		Release|Any CPU = Release|Any CPU
	EndGlobalSection
	GlobalSection(ProjectConfigurationPlatforms) = postSolution
		{E505B57E-E25F-43E9-8525-91D31973F04E}.Debug|Any CPU.ActiveCfg = Debug|Any CPU
		{E505B57E-E25F-43E9-8525-91D31973F04E}.Debug|Any CPU.Build.0 = Debug|Any CPU
		{E505B57E-E25F-43E9-8525-91D31973F04E}.Release|Any CPU.ActiveCfg = Release|Any CPU
		{E505B57E-E25F-43E9-8525-91D31973F04E}.Release|Any CPU.Build.0 = Release|Any CPU
		{BDB91A3B-20CC-4F7D-B287-44A0B542C7FE}.Debug|Any CPU.ActiveCfg = Debug|Any CPU
		{BDB91A3B-20CC-4F7D-B287-44A0B542C7FE}.Debug|Any CPU.Build.0 = Debug|Any CPU
		{BDB91A3B-20CC-4F7D-B287-44A0B542C7FE}.Release|Any CPU.ActiveCfg = Release|Any CPU
		{BDB91A3B-20CC-4F7D-B287-44A0B542C7FE}.Release|Any CPU.Build.0 = Release|Any CPU
		{8822C6F3-5F1D-457F-860C-6088CDBEFE38}.Debug|Any CPU.ActiveCfg = Debug|Any CPU
		{8822C6F3-5F1D-457F-860C-6088CDBEFE38}.Debug|Any CPU.Build.0 = Debug|Any CPU
		{8822C6F3-5F1D-457F-860C-6088CDBEFE38}.Release|Any CPU.ActiveCfg = Release|Any CPU
		{8822C6F3-5F1D-457F-860C-6088CDBEFE38}.Release|Any CPU.Build.0 = Release|Any CPU
		{AA5CBD1F-DE8E-4078-8E55-9F0B23FA50AB}.Debug|Any CPU.ActiveCfg = Debug|Any CPU
		{AA5CBD1F-DE8E-4078-8E55-9F0B23FA50AB}.Debug|Any CPU.Build.0 = Debug|Any CPU
		{AA5CBD1F-DE8E-4078-8E55-9F0B23FA50AB}.Release|Any CPU.ActiveCfg = Release|Any CPU
		{AA5CBD1F-DE8E-4078-8E55-9F0B23FA50AB}.Release|Any CPU.Build.0 = Release|Any CPU
		{ED50058F-61A5-419A-94D8-BDEE7A4BA722}.Debug|Any CPU.ActiveCfg = Debug|Any CPU
		{ED50058F-61A5-419A-94D8-BDEE7A4BA722}.Debug|Any CPU.Build.0 = Debug|Any CPU
		{ED50058F-61A5-419A-94D8-BDEE7A4BA722}.Release|Any CPU.ActiveCfg = Release|Any CPU
		{ED50058F-61A5-419A-94D8-BDEE7A4BA722}.Release|Any CPU.Build.0 = Release|Any CPU
	EndGlobalSection
	GlobalSection(SolutionProperties) = preSolution
		HideSolutionNode = FALSE
	EndGlobalSection
	GlobalSection(ExtensibilityGlobals) = postSolution
		SolutionGuid = {81D898C8-7ABC-449E-8E08-5A63A23199EA}
	EndGlobalSection
EndGlobal
