
Microsoft Visual Studio Solution File, Format Version 12.00
# Visual Studio Version 17
VisualStudioVersion = 17.4.33213.308
MinimumVisualStudioVersion = 10.0.40219.1
Project("{9A19103F-16F7-4668-BE54-9A1E7A4F7556}") = "PetShop.Models", "PetShop.Model\PetShop.Models.csproj", "{559785AD-3945-413C-9987-2DD991D864AD}"
EndProject
Project("{9A19103F-16F7-4668-BE54-9A1E7A4F7556}") = "PetShop.EF", "PetShop.EF\PetShop.EF.csproj", "{E42060DE-F138-4661-B222-95DE1750A19F}"
EndProject
Project("{9A19103F-16F7-4668-BE54-9A1E7A4F7556}") = "PetShop.Blazor.Server", "PetShop.Blazor\Server\PetShop.Blazor.Server.csproj", "{DAC296A9-8742-439E-B473-49F883D515B7}"
EndProject
Project("{9A19103F-16F7-4668-BE54-9A1E7A4F7556}") = "PetShop.Blazor.Client", "PetShop.Blazor\Client\PetShop.Blazor.Client.csproj", "{87AF70A0-2D46-40A9-AB2A-7EBD9D8F75C4}"
EndProject
Project("{9A19103F-16F7-4668-BE54-9A1E7A4F7556}") = "PetShop.Blazor.Shared", "PetShop.Blazor\Shared\PetShop.Blazor.Shared.csproj", "{DE5FF072-43DD-4B6D-B599-4CEB07938EDA}"
EndProject
Global
	GlobalSection(SolutionConfigurationPlatforms) = preSolution
		Debug|Any CPU = Debug|Any CPU
		Release|Any CPU = Release|Any CPU
	EndGlobalSection
	GlobalSection(ProjectConfigurationPlatforms) = postSolution
		{559785AD-3945-413C-9987-2DD991D864AD}.Debug|Any CPU.ActiveCfg = Debug|Any CPU
		{559785AD-3945-413C-9987-2DD991D864AD}.Debug|Any CPU.Build.0 = Debug|Any CPU
		{559785AD-3945-413C-9987-2DD991D864AD}.Release|Any CPU.ActiveCfg = Release|Any CPU
		{559785AD-3945-413C-9987-2DD991D864AD}.Release|Any CPU.Build.0 = Release|Any CPU
		{E42060DE-F138-4661-B222-95DE1750A19F}.Debug|Any CPU.ActiveCfg = Debug|Any CPU
		{E42060DE-F138-4661-B222-95DE1750A19F}.Debug|Any CPU.Build.0 = Debug|Any CPU
		{E42060DE-F138-4661-B222-95DE1750A19F}.Release|Any CPU.ActiveCfg = Release|Any CPU
		{E42060DE-F138-4661-B222-95DE1750A19F}.Release|Any CPU.Build.0 = Release|Any CPU
		{DAC296A9-8742-439E-B473-49F883D515B7}.Debug|Any CPU.ActiveCfg = Debug|Any CPU
		{DAC296A9-8742-439E-B473-49F883D515B7}.Debug|Any CPU.Build.0 = Debug|Any CPU
		{DAC296A9-8742-439E-B473-49F883D515B7}.Release|Any CPU.ActiveCfg = Release|Any CPU
		{DAC296A9-8742-439E-B473-49F883D515B7}.Release|Any CPU.Build.0 = Release|Any CPU
		{87AF70A0-2D46-40A9-AB2A-7EBD9D8F75C4}.Debug|Any CPU.ActiveCfg = Debug|Any CPU
		{87AF70A0-2D46-40A9-AB2A-7EBD9D8F75C4}.Debug|Any CPU.Build.0 = Debug|Any CPU
		{87AF70A0-2D46-40A9-AB2A-7EBD9D8F75C4}.Release|Any CPU.ActiveCfg = Release|Any CPU
		{87AF70A0-2D46-40A9-AB2A-7EBD9D8F75C4}.Release|Any CPU.Build.0 = Release|Any CPU
		{DE5FF072-43DD-4B6D-B599-4CEB07938EDA}.Debug|Any CPU.ActiveCfg = Debug|Any CPU
		{DE5FF072-43DD-4B6D-B599-4CEB07938EDA}.Debug|Any CPU.Build.0 = Debug|Any CPU
		{DE5FF072-43DD-4B6D-B599-4CEB07938EDA}.Release|Any CPU.ActiveCfg = Release|Any CPU
		{DE5FF072-43DD-4B6D-B599-4CEB07938EDA}.Release|Any CPU.Build.0 = Release|Any CPU
	EndGlobalSection
	GlobalSection(SolutionProperties) = preSolution
		HideSolutionNode = FALSE
	EndGlobalSection
	GlobalSection(ExtensibilityGlobals) = postSolution
		SolutionGuid = {18275917-2B96-4090-B0BB-2CE71CF29211}
	EndGlobalSection
EndGlobal
