
Microsoft Visual Studio Solution File, Format Version 12.00
# Visual Studio Version 17
VisualStudioVersion = 17.4.33205.214
MinimumVisualStudioVersion = 10.0.40219.1
Project("{FAE04EC0-301F-11D3-BF4B-00C04F79EFBC}") = "Session-03", "Session-03\Session-03.csproj", "{905857C2-B10F-4D33-B0D2-CCFFEC850253}"
EndProject
Global
	GlobalSection(SolutionConfigurationPlatforms) = preSolution
		Debug|Any CPU = Debug|Any CPU
		Release|Any CPU = Release|Any CPU
	EndGlobalSection
	GlobalSection(ProjectConfigurationPlatforms) = postSolution
		{905857C2-B10F-4D33-B0D2-CCFFEC850253}.Debug|Any CPU.ActiveCfg = Debug|Any CPU
		{905857C2-B10F-4D33-B0D2-CCFFEC850253}.Debug|Any CPU.Build.0 = Debug|Any CPU
		{905857C2-B10F-4D33-B0D2-CCFFEC850253}.Release|Any CPU.ActiveCfg = Release|Any CPU
		{905857C2-B10F-4D33-B0D2-CCFFEC850253}.Release|Any CPU.Build.0 = Release|Any CPU
	EndGlobalSection
	GlobalSection(SolutionProperties) = preSolution
		HideSolutionNode = FALSE
	EndGlobalSection
	GlobalSection(ExtensibilityGlobals) = postSolution
		SolutionGuid = {EA085C72-1861-42E7-90AF-FFCC9F4D421F}
	EndGlobalSection
EndGlobal
