
Microsoft Visual Studio Solution File, Format Version 12.00
# Visual Studio Version 17
VisualStudioVersion = 17.4.33213.308
MinimumVisualStudioVersion = 10.0.40219.1
Project("{FAE04EC0-301F-11D3-BF4B-00C04F79EFBC}") = "Session-17", "Session-17\Session-17.csproj", "{D766BA5B-2E24-4603-B8F6-5DCF6AA9BC2D}"
EndProject
Global
	GlobalSection(SolutionConfigurationPlatforms) = preSolution
		Debug|Any CPU = Debug|Any CPU
		Release|Any CPU = Release|Any CPU
	EndGlobalSection
	GlobalSection(ProjectConfigurationPlatforms) = postSolution
		{D766BA5B-2E24-4603-B8F6-5DCF6AA9BC2D}.Debug|Any CPU.ActiveCfg = Debug|Any CPU
		{D766BA5B-2E24-4603-B8F6-5DCF6AA9BC2D}.Debug|Any CPU.Build.0 = Debug|Any CPU
		{D766BA5B-2E24-4603-B8F6-5DCF6AA9BC2D}.Release|Any CPU.ActiveCfg = Release|Any CPU
		{D766BA5B-2E24-4603-B8F6-5DCF6AA9BC2D}.Release|Any CPU.Build.0 = Release|Any CPU
	EndGlobalSection
	GlobalSection(SolutionProperties) = preSolution
		HideSolutionNode = FALSE
	EndGlobalSection
	GlobalSection(ExtensibilityGlobals) = postSolution
		SolutionGuid = {32752123-77A1-4460-888D-56DBD1E6F6CB}
	EndGlobalSection
EndGlobal
