
Microsoft Visual Studio Solution File, Format Version 12.00
# Visual Studio Version 17
VisualStudioVersion = 17.4.33205.214
MinimumVisualStudioVersion = 10.0.40219.1
Project("{FAE04EC0-301F-11D3-BF4B-00C04F79EFBC}") = "Session-09", "Session-09\Session-09.csproj", "{7881BBB1-A54E-4A23-93C5-94D49C1A384C}"
EndProject
Project("{FAE04EC0-301F-11D3-BF4B-00C04F79EFBC}") = "Calculator_Library", "Calculator_Library\Calculator_Library.csproj", "{3DA0CB86-FE93-4E61-968E-CA1FCD2BC56E}"
EndProject
Global
	GlobalSection(SolutionConfigurationPlatforms) = preSolution
		Debug|Any CPU = Debug|Any CPU
		Release|Any CPU = Release|Any CPU
	EndGlobalSection
	GlobalSection(ProjectConfigurationPlatforms) = postSolution
		{7881BBB1-A54E-4A23-93C5-94D49C1A384C}.Debug|Any CPU.ActiveCfg = Debug|Any CPU
		{7881BBB1-A54E-4A23-93C5-94D49C1A384C}.Debug|Any CPU.Build.0 = Debug|Any CPU
		{7881BBB1-A54E-4A23-93C5-94D49C1A384C}.Release|Any CPU.ActiveCfg = Release|Any CPU
		{7881BBB1-A54E-4A23-93C5-94D49C1A384C}.Release|Any CPU.Build.0 = Release|Any CPU
		{3DA0CB86-FE93-4E61-968E-CA1FCD2BC56E}.Debug|Any CPU.ActiveCfg = Debug|Any CPU
		{3DA0CB86-FE93-4E61-968E-CA1FCD2BC56E}.Debug|Any CPU.Build.0 = Debug|Any CPU
		{3DA0CB86-FE93-4E61-968E-CA1FCD2BC56E}.Release|Any CPU.ActiveCfg = Release|Any CPU
		{3DA0CB86-FE93-4E61-968E-CA1FCD2BC56E}.Release|Any CPU.Build.0 = Release|Any CPU
	EndGlobalSection
	GlobalSection(SolutionProperties) = preSolution
		HideSolutionNode = FALSE
	EndGlobalSection
	GlobalSection(ExtensibilityGlobals) = postSolution
		SolutionGuid = {E8D1450B-9F02-49DD-832E-6A1A5B2B9C3F}
	EndGlobalSection
EndGlobal
